
Microsoft Visual Studio Solution File, Format Version 12.00
# Visual Studio Version 17
VisualStudioVersion = 17.0.32126.317
MinimumVisualStudioVersion = 10.0.40219.1
Project("{FAE04EC0-301F-11D3-BF4B-00C04F79EFBC}") = "Homework_14.02.2022", "Homework_14.02.2022\Homework_14.02.2022.csproj", "{F6D0555C-EBC1-409E-ACA4-ED00B2AA633E}"
EndProject
Global
	GlobalSection(SolutionConfigurationPlatforms) = preSolution
		Debug|Any CPU = Debug|Any CPU
		Release|Any CPU = Release|Any CPU
	EndGlobalSection
	GlobalSection(ProjectConfigurationPlatforms) = postSolution
		{F6D0555C-EBC1-409E-ACA4-ED00B2AA633E}.Debug|Any CPU.ActiveCfg = Debug|Any CPU
		{F6D0555C-EBC1-409E-ACA4-ED00B2AA633E}.Debug|Any CPU.Build.0 = Debug|Any CPU
		{F6D0555C-EBC1-409E-ACA4-ED00B2AA633E}.Release|Any CPU.ActiveCfg = Release|Any CPU
		{F6D0555C-EBC1-409E-ACA4-ED00B2AA633E}.Release|Any CPU.Build.0 = Release|Any CPU
	EndGlobalSection
	GlobalSection(SolutionProperties) = preSolution
		HideSolutionNode = FALSE
	EndGlobalSection
	GlobalSection(ExtensibilityGlobals) = postSolution
		SolutionGuid = {5DB98B87-A470-4536-9095-C98DEEED52DA}
	EndGlobalSection
EndGlobal
